{
  "name": "pi-fast-gpio",
  "version": "0.1.0",
  "lockfileVersion": 1,
  "requires": true,
  "dependencies": {
    "net": {
      "version": "1.0.2",
      "resolved": "https://registry.npmjs.org/net/-/net-1.0.2.tgz",
      "integrity": "sha1-0XV+yaf7I3HYPPR1XOPifhCCk4g="
    },
    "put": {
      "version": "0.0.6",
      "resolved": "https://registry.npmjs.org/put/-/put-0.0.6.tgz",
      "integrity": "sha1-MPX2C9bkOJvTKeFqJThsuy5KAKM="
    }
  }
}
